// !$*UTF8*$!
{
	archiveVersion = 1;
	classes = {
	};
	objectVersion = 50;
	objects = {

/* Begin PBXBuildFile section */
		44911EF133DF5477C65DAC89 /* Pods_SettingsScreen.framework in Frameworks */ = {isa = PBXBuildFile; fileRef = 1FC6B31729495A99301584D9 /* Pods_SettingsScreen.framework */; };
		AB18040520C14AC00086867F /* Settings.swift in Sources */ = {isa = PBXBuildFile; fileRef = AB18040420C14AC00086867F /* Settings.swift */; };
		AB18040720C14C220086867F /* Wifi.swift in Sources */ = {isa = PBXBuildFile; fileRef = AB18040620C14C220086867F /* Wifi.swift */; };
		AB18040920C14D970086867F /* Carrier.swift in Sources */ = {isa = PBXBuildFile; fileRef = AB18040820C14D970086867F /* Carrier.swift */; };
		AB83DAB220C3FCA9001CCBAC /* CellularViewController.swift in Sources */ = {isa = PBXBuildFile; fileRef = AB83DAB120C3FCA9001CCBAC /* CellularViewController.swift */; };
		AB83DAB420C41790001CCBAC /* SegueIdentifiers.swift in Sources */ = {isa = PBXBuildFile; fileRef = AB83DAB320C41790001CCBAC /* SegueIdentifiers.swift */; };
		AB83DAB620C433C3001CCBAC /* BluetoothViewController.swift in Sources */ = {isa = PBXBuildFile; fileRef = AB83DAB520C433C3001CCBAC /* BluetoothViewController.swift */; };
		AB83DAB820C436B5001CCBAC /* NotificationsViewController.swift in Sources */ = {isa = PBXBuildFile; fileRef = AB83DAB720C436B5001CCBAC /* NotificationsViewController.swift */; };
		AB83DABA20C43808001CCBAC /* DataSources.swift in Sources */ = {isa = PBXBuildFile; fileRef = AB83DAB920C43808001CCBAC /* DataSources.swift */; };
		AB87217220C43F82008958CF /* SingleSettingViewController.swift in Sources */ = {isa = PBXBuildFile; fileRef = AB87217120C43F82008958CF /* SingleSettingViewController.swift */; };
		AB9BE7F320C11E0600025896 /* UIColorExtension.swift in Sources */ = {isa = PBXBuildFile; fileRef = AB9BE7F220C11E0600025896 /* UIColorExtension.swift */; };
		AB9BE7F720C11FCC00025896 /* SwitchTableViewCell.swift in Sources */ = {isa = PBXBuildFile; fileRef = AB9BE7F620C11FCC00025896 /* SwitchTableViewCell.swift */; };
		AB9BE7F920C11FEB00025896 /* DisclosureTableViewCell.swift in Sources */ = {isa = PBXBuildFile; fileRef = AB9BE7F820C11FEB00025896 /* DisclosureTableViewCell.swift */; };
		AB9BE80A20C13AB400025896 /* SettingsKeys.swift in Sources */ = {isa = PBXBuildFile; fileRef = AB9BE80920C13AB400025896 /* SettingsKeys.swift */; };
		ABBDEC8720C2A4B20047E80C /* RealmService.swift in Sources */ = {isa = PBXBuildFile; fileRef = ABBDEC8620C2A4B20047E80C /* RealmService.swift */; };
		ABBDEC8920C2A6540047E80C /* StringLiterals.swift in Sources */ = {isa = PBXBuildFile; fileRef = ABBDEC8820C2A6540047E80C /* StringLiterals.swift */; };
		ABBDEC8B20C2C1600047E80C /* SettingsCellModel.swift in Sources */ = {isa = PBXBuildFile; fileRef = ABBDEC8A20C2C1600047E80C /* SettingsCellModel.swift */; };
		ABDFA1F120BFF03E004AC553 /* AppDelegate.swift in Sources */ = {isa = PBXBuildFile; fileRef = ABDFA1F020BFF03E004AC553 /* AppDelegate.swift */; };
		ABDFA1F320BFF03E004AC553 /* SettingsViewController.swift in Sources */ = {isa = PBXBuildFile; fileRef = ABDFA1F220BFF03E004AC553 /* SettingsViewController.swift */; };
		ABDFA1F620BFF03E004AC553 /* Main.storyboard in Resources */ = {isa = PBXBuildFile; fileRef = ABDFA1F420BFF03E004AC553 /* Main.storyboard */; };
		ABDFA1F820BFF040004AC553 /* Assets.xcassets in Resources */ = {isa = PBXBuildFile; fileRef = ABDFA1F720BFF040004AC553 /* Assets.xcassets */; };
		ABDFA1FB20BFF040004AC553 /* LaunchScreen.storyboard in Resources */ = {isa = PBXBuildFile; fileRef = ABDFA1F920BFF040004AC553 /* LaunchScreen.storyboard */; };
/* End PBXBuildFile section */

/* Begin PBXFileReference section */
		1FC6B31729495A99301584D9 /* Pods_SettingsScreen.framework */ = {isa = PBXFileReference; explicitFileType = wrapper.framework; includeInIndex = 0; path = Pods_SettingsScreen.framework; sourceTree = BUILT_PRODUCTS_DIR; };
		A4C689748C3EC5DF6909E8B2 /* Pods-SettingsScreen.debug.xcconfig */ = {isa = PBXFileReference; includeInIndex = 1; lastKnownFileType = text.xcconfig; name = "Pods-SettingsScreen.debug.xcconfig"; path = "Pods/Target Support Files/Pods-SettingsScreen/Pods-SettingsScreen.debug.xcconfig"; sourceTree = "<group>"; };
		AB18040420C14AC00086867F /* Settings.swift */ = {isa = PBXFileReference; lastKnownFileType = sourcecode.swift; path = Settings.swift; sourceTree = "<group>"; };
		AB18040620C14C220086867F /* Wifi.swift */ = {isa = PBXFileReference; lastKnownFileType = sourcecode.swift; path = Wifi.swift; sourceTree = "<group>"; };
		AB18040820C14D970086867F /* Carrier.swift */ = {isa = PBXFileReference; lastKnownFileType = sourcecode.swift; path = Carrier.swift; sourceTree = "<group>"; };
		AB83DAB120C3FCA9001CCBAC /* CellularViewController.swift */ = {isa = PBXFileReference; lastKnownFileType = sourcecode.swift; path = CellularViewController.swift; sourceTree = "<group>"; };
		AB83DAB320C41790001CCBAC /* SegueIdentifiers.swift */ = {isa = PBXFileReference; lastKnownFileType = sourcecode.swift; path = SegueIdentifiers.swift; sourceTree = "<group>"; };
		AB83DAB520C433C3001CCBAC /* BluetoothViewController.swift */ = {isa = PBXFileReference; lastKnownFileType = sourcecode.swift; path = BluetoothViewController.swift; sourceTree = "<group>"; };
		AB83DAB720C436B5001CCBAC /* NotificationsViewController.swift */ = {isa = PBXFileReference; lastKnownFileType = sourcecode.swift; path = NotificationsViewController.swift; sourceTree = "<group>"; };
		AB83DAB920C43808001CCBAC /* DataSources.swift */ = {isa = PBXFileReference; lastKnownFileType = sourcecode.swift; path = DataSources.swift; sourceTree = "<group>"; };
		AB87217120C43F82008958CF /* SingleSettingViewController.swift */ = {isa = PBXFileReference; lastKnownFileType = sourcecode.swift; path = SingleSettingViewController.swift; sourceTree = "<group>"; };
		AB9BE7F220C11E0600025896 /* UIColorExtension.swift */ = {isa = PBXFileReference; lastKnownFileType = sourcecode.swift; path = UIColorExtension.swift; sourceTree = "<group>"; };
		AB9BE7F620C11FCC00025896 /* SwitchTableViewCell.swift */ = {isa = PBXFileReference; lastKnownFileType = sourcecode.swift; path = SwitchTableViewCell.swift; sourceTree = "<group>"; };
		AB9BE7F820C11FEB00025896 /* DisclosureTableViewCell.swift */ = {isa = PBXFileReference; lastKnownFileType = sourcecode.swift; path = DisclosureTableViewCell.swift; sourceTree = "<group>"; };
		AB9BE80920C13AB400025896 /* SettingsKeys.swift */ = {isa = PBXFileReference; lastKnownFileType = sourcecode.swift; path = SettingsKeys.swift; sourceTree = "<group>"; };
		ABBDEC8620C2A4B20047E80C /* RealmService.swift */ = {isa = PBXFileReference; lastKnownFileType = sourcecode.swift; path = RealmService.swift; sourceTree = "<group>"; };
		ABBDEC8820C2A6540047E80C /* StringLiterals.swift */ = {isa = PBXFileReference; lastKnownFileType = sourcecode.swift; path = StringLiterals.swift; sourceTree = "<group>"; };
		ABBDEC8A20C2C1600047E80C /* SettingsCellModel.swift */ = {isa = PBXFileReference; lastKnownFileType = sourcecode.swift; path = SettingsCellModel.swift; sourceTree = "<group>"; };
		ABDFA1ED20BFF03E004AC553 /* SettingsScreen.app */ = {isa = PBXFileReference; explicitFileType = wrapper.application; includeInIndex = 0; path = SettingsScreen.app; sourceTree = BUILT_PRODUCTS_DIR; };
		ABDFA1F020BFF03E004AC553 /* AppDelegate.swift */ = {isa = PBXFileReference; lastKnownFileType = sourcecode.swift; path = AppDelegate.swift; sourceTree = "<group>"; };
		ABDFA1F220BFF03E004AC553 /* SettingsViewController.swift */ = {isa = PBXFileReference; lastKnownFileType = sourcecode.swift; path = SettingsViewController.swift; sourceTree = "<group>"; };
		ABDFA1F520BFF03E004AC553 /* Base */ = {isa = PBXFileReference; lastKnownFileType = file.storyboard; name = Base; path = Base.lproj/Main.storyboard; sourceTree = "<group>"; };
		ABDFA1F720BFF040004AC553 /* Assets.xcassets */ = {isa = PBXFileReference; lastKnownFileType = folder.assetcatalog; path = Assets.xcassets; sourceTree = "<group>"; };
		ABDFA1FA20BFF040004AC553 /* Base */ = {isa = PBXFileReference; lastKnownFileType = file.storyboard; name = Base; path = Base.lproj/LaunchScreen.storyboard; sourceTree = "<group>"; };
		ABDFA1FC20BFF040004AC553 /* Info.plist */ = {isa = PBXFileReference; lastKnownFileType = text.plist.xml; path = Info.plist; sourceTree = "<group>"; };
		F45261119727A9E3D5B221CA /* Pods-SettingsScreen.release.xcconfig */ = {isa = PBXFileReference; includeInIndex = 1; lastKnownFileType = text.xcconfig; name = "Pods-SettingsScreen.release.xcconfig"; path = "Pods/Target Support Files/Pods-SettingsScreen/Pods-SettingsScreen.release.xcconfig"; sourceTree = "<group>"; };
/* End PBXFileReference section */

/* Begin PBXFrameworksBuildPhase section */
		ABDFA1EA20BFF03E004AC553 /* Frameworks */ = {
			isa = PBXFrameworksBuildPhase;
			buildActionMask = 2147483647;
			files = (
				44911EF133DF5477C65DAC89 /* Pods_SettingsScreen.framework in Frameworks */,
			);
			runOnlyForDeploymentPostprocessing = 0;
		};
/* End PBXFrameworksBuildPhase section */

/* Begin PBXGroup section */
		3141E6FEFCA7FC865DA1CDF0 /* Frameworks */ = {
			isa = PBXGroup;
			children = (
				1FC6B31729495A99301584D9 /* Pods_SettingsScreen.framework */,
			);
			name = Frameworks;
			sourceTree = "<group>";
		};
		AB83DAAE20C3DCAF001CCBAC /* TableViewCells */ = {
			isa = PBXGroup;
			children = (
				AB9BE7F620C11FCC00025896 /* SwitchTableViewCell.swift */,
				AB9BE7F820C11FEB00025896 /* DisclosureTableViewCell.swift */,
			);
			path = TableViewCells;
			sourceTree = "<group>";
		};
		AB83DAAF20C3DCF0001CCBAC /* Helpers */ = {
			isa = PBXGroup;
			children = (
				ABBDEC8620C2A4B20047E80C /* RealmService.swift */,
			);
			path = Helpers;
			sourceTree = "<group>";
		};
		AB83DAB020C3DD09001CCBAC /* Views */ = {
			isa = PBXGroup;
			children = (
				ABDFA1F420BFF03E004AC553 /* Main.storyboard */,
				ABDFA1F920BFF040004AC553 /* LaunchScreen.storyboard */,
			);
			path = Views;
			sourceTree = "<group>";
		};
		AB9BE7F120C11DF400025896 /* Extensions */ = {
			isa = PBXGroup;
			children = (
				AB9BE7F220C11E0600025896 /* UIColorExtension.swift */,
			);
			path = Extensions;
			sourceTree = "<group>";
		};
		AB9BE7F420C11F5A00025896 /* Constants */ = {
			isa = PBXGroup;
			children = (
				AB9BE80920C13AB400025896 /* SettingsKeys.swift */,
				ABBDEC8820C2A6540047E80C /* StringLiterals.swift */,
				AB83DAB320C41790001CCBAC /* SegueIdentifiers.swift */,
			);
			path = Constants;
			sourceTree = "<group>";
		};
		AB9BE7F520C11FAE00025896 /* Classes */ = {
			isa = PBXGroup;
			children = (
				AB83DAAE20C3DCAF001CCBAC /* TableViewCells */,
				ABDFA1F220BFF03E004AC553 /* SettingsViewController.swift */,
				AB83DAB120C3FCA9001CCBAC /* CellularViewController.swift */,
				AB83DAB520C433C3001CCBAC /* BluetoothViewController.swift */,
				AB83DAB720C436B5001CCBAC /* NotificationsViewController.swift */,
				AB87217120C43F82008958CF /* SingleSettingViewController.swift */,
			);
			path = Classes;
			sourceTree = "<group>";
		};
		AB9BE7FA20C120FE00025896 /* Model */ = {
			isa = PBXGroup;
			children = (
				AB18040420C14AC00086867F /* Settings.swift */,
				AB18040620C14C220086867F /* Wifi.swift */,
				AB18040820C14D970086867F /* Carrier.swift */,
				ABBDEC8A20C2C1600047E80C /* SettingsCellModel.swift */,
				AB83DAB920C43808001CCBAC /* DataSources.swift */,
			);
			path = Model;
			sourceTree = "<group>";
		};
		ABDFA1E420BFF03E004AC553 = {
			isa = PBXGroup;
			children = (
				ABDFA1EF20BFF03E004AC553 /* SettingsScreen */,
				ABDFA1EE20BFF03E004AC553 /* Products */,
				AD8878C9657481644647E3FC /* Pods */,
				3141E6FEFCA7FC865DA1CDF0 /* Frameworks */,
			);
			sourceTree = "<group>";
		};
		ABDFA1EE20BFF03E004AC553 /* Products */ = {
			isa = PBXGroup;
			children = (
				ABDFA1ED20BFF03E004AC553 /* SettingsScreen.app */,
			);
			name = Products;
			sourceTree = "<group>";
		};
		ABDFA1EF20BFF03E004AC553 /* SettingsScreen */ = {
			isa = PBXGroup;
			children = (
				AB9BE7FA20C120FE00025896 /* Model */,
				AB83DAB020C3DD09001CCBAC /* Views */,
				AB9BE7F520C11FAE00025896 /* Classes */,
				AB9BE7F420C11F5A00025896 /* Constants */,
				AB9BE7F120C11DF400025896 /* Extensions */,
				AB83DAAF20C3DCF0001CCBAC /* Helpers */,
				ABDFA1F020BFF03E004AC553 /* AppDelegate.swift */,
				ABDFA1F720BFF040004AC553 /* Assets.xcassets */,
				ABDFA1FC20BFF040004AC553 /* Info.plist */,
			);
			path = SettingsScreen;
			sourceTree = "<group>";
		};
		AD8878C9657481644647E3FC /* Pods */ = {
			isa = PBXGroup;
			children = (
				A4C689748C3EC5DF6909E8B2 /* Pods-SettingsScreen.debug.xcconfig */,
				F45261119727A9E3D5B221CA /* Pods-SettingsScreen.release.xcconfig */,
			);
			name = Pods;
			sourceTree = "<group>";
		};
/* End PBXGroup section */

/* Begin PBXNativeTarget section */
		ABDFA1EC20BFF03E004AC553 /* SettingsScreen */ = {
			isa = PBXNativeTarget;
			buildConfigurationList = ABDFA1FF20BFF040004AC553 /* Build configuration list for PBXNativeTarget "SettingsScreen" */;
			buildPhases = (
				C8D7282222174A04D5184EE5 /* [CP] Check Pods Manifest.lock */,
				ABDFA1E920BFF03E004AC553 /* Sources */,
				ABDFA1EA20BFF03E004AC553 /* Frameworks */,
				ABDFA1EB20BFF03E004AC553 /* Resources */,
				869F7B1C1004C54405D27809 /* [CP] Embed Pods Frameworks */,
			);
			buildRules = (
			);
			dependencies = (
			);
			name = SettingsScreen;
			productName = SettingsScreen;
			productReference = ABDFA1ED20BFF03E004AC553 /* SettingsScreen.app */;
			productType = "com.apple.product-type.application";
		};
/* End PBXNativeTarget section */

/* Begin PBXProject section */
		ABDFA1E520BFF03E004AC553 /* Project object */ = {
			isa = PBXProject;
			attributes = {
				LastSwiftUpdateCheck = 0930;
				LastUpgradeCheck = 0930;
				ORGANIZATIONNAME = "Prateek Sharma";
				TargetAttributes = {
					ABDFA1EC20BFF03E004AC553 = {
						CreatedOnToolsVersion = 9.3;
					};
				};
			};
			buildConfigurationList = ABDFA1E820BFF03E004AC553 /* Build configuration list for PBXProject "SettingsScreen" */;
			compatibilityVersion = "Xcode 9.3";
			developmentRegion = en;
			hasScannedForEncodings = 0;
			knownRegions = (
				en,
				Base,
			);
			mainGroup = ABDFA1E420BFF03E004AC553;
			productRefGroup = ABDFA1EE20BFF03E004AC553 /* Products */;
			projectDirPath = "";
			projectRoot = "";
			targets = (
				ABDFA1EC20BFF03E004AC553 /* SettingsScreen */,
			);
		};
/* End PBXProject section */

/* Begin PBXResourcesBuildPhase section */
		ABDFA1EB20BFF03E004AC553 /* Resources */ = {
			isa = PBXResourcesBuildPhase;
			buildActionMask = 2147483647;
			files = (
				ABDFA1FB20BFF040004AC553 /* LaunchScreen.storyboard in Resources */,
				ABDFA1F820BFF040004AC553 /* Assets.xcassets in Resources */,
				ABDFA1F620BFF03E004AC553 /* Main.storyboard in Resources */,
			);
			runOnlyForDeploymentPostprocessing = 0;
		};
/* End PBXResourcesBuildPhase section */

/* Begin PBXShellScriptBuildPhase section */
		869F7B1C1004C54405D27809 /* [CP] Embed Pods Frameworks */ = {
			isa = PBXShellScriptBuildPhase;
			buildActionMask = 2147483647;
			files = (
			);
			inputPaths = (
				"${SRCROOT}/Pods/Target Support Files/Pods-SettingsScreen/Pods-SettingsScreen-frameworks.sh",
				"${BUILT_PRODUCTS_DIR}/Realm/Realm.framework",
				"${BUILT_PRODUCTS_DIR}/RealmSwift/RealmSwift.framework",
			);
			name = "[CP] Embed Pods Frameworks";
			outputPaths = (
				"${TARGET_BUILD_DIR}/${FRAMEWORKS_FOLDER_PATH}/Realm.framework",
				"${TARGET_BUILD_DIR}/${FRAMEWORKS_FOLDER_PATH}/RealmSwift.framework",
			);
			runOnlyForDeploymentPostprocessing = 0;
			shellPath = /bin/sh;
			shellScript = "\"${SRCROOT}/Pods/Target Support Files/Pods-SettingsScreen/Pods-SettingsScreen-frameworks.sh\"\n";
			showEnvVarsInLog = 0;
		};
		C8D7282222174A04D5184EE5 /* [CP] Check Pods Manifest.lock */ = {
			isa = PBXShellScriptBuildPhase;
			buildActionMask = 2147483647;
			files = (
			);
			inputPaths = (
				"${PODS_PODFILE_DIR_PATH}/Podfile.lock",
				"${PODS_ROOT}/Manifest.lock",
			);
			name = "[CP] Check Pods Manifest.lock";
			outputPaths = (
				"$(DERIVED_FILE_DIR)/Pods-SettingsScreen-checkManifestLockResult.txt",
			);
			runOnlyForDeploymentPostprocessing = 0;
			shellPath = /bin/sh;
			shellScript = "diff \"${PODS_PODFILE_DIR_PATH}/Podfile.lock\" \"${PODS_ROOT}/Manifest.lock\" > /dev/null\nif [ $? != 0 ] ; then\n    # print error to STDERR\n    echo \"error: The sandbox is not in sync with the Podfile.lock. Run 'pod install' or update your CocoaPods installation.\" >&2\n    exit 1\nfi\n# This output is used by Xcode 'outputs' to avoid re-running this script phase.\necho \"SUCCESS\" > \"${SCRIPT_OUTPUT_FILE_0}\"\n";
			showEnvVarsInLog = 0;
		};
/* End PBXShellScriptBuildPhase section */

/* Begin PBXSourcesBuildPhase section */
		ABDFA1E920BFF03E004AC553 /* Sources */ = {
			isa = PBXSourcesBuildPhase;
			buildActionMask = 2147483647;
			files = (
				AB9BE7F920C11FEB00025896 /* DisclosureTableViewCell.swift in Sources */,
				AB9BE80A20C13AB400025896 /* SettingsKeys.swift in Sources */,
				AB9BE7F320C11E0600025896 /* UIColorExtension.swift in Sources */,
				AB83DABA20C43808001CCBAC /* DataSources.swift in Sources */,
				ABBDEC8920C2A6540047E80C /* StringLiterals.swift in Sources */,
				AB83DAB420C41790001CCBAC /* SegueIdentifiers.swift in Sources */,
				AB18040920C14D970086867F /* Carrier.swift in Sources */,
				ABDFA1F320BFF03E004AC553 /* SettingsViewController.swift in Sources */,
				AB18040720C14C220086867F /* Wifi.swift in Sources */,
				AB18040520C14AC00086867F /* Settings.swift in Sources */,
				ABDFA1F120BFF03E004AC553 /* AppDelegate.swift in Sources */,
				AB9BE7F720C11FCC00025896 /* SwitchTableViewCell.swift in Sources */,
				ABBDEC8720C2A4B20047E80C /* RealmService.swift in Sources */,
				AB83DAB620C433C3001CCBAC /* BluetoothViewController.swift in Sources */,
				AB83DAB220C3FCA9001CCBAC /* CellularViewController.swift in Sources */,
				ABBDEC8B20C2C1600047E80C /* SettingsCellModel.swift in Sources */,
				AB83DAB820C436B5001CCBAC /* NotificationsViewController.swift in Sources */,
				AB87217220C43F82008958CF /* SingleSettingViewController.swift in Sources */,
			);
			runOnlyForDeploymentPostprocessing = 0;
		};
/* End PBXSourcesBuildPhase section */

/* Begin PBXVariantGroup section */
		ABDFA1F420BFF03E004AC553 /* Main.storyboard */ = {
			isa = PBXVariantGroup;
			children = (
				ABDFA1F520BFF03E004AC553 /* Base */,
			);
			name = Main.storyboard;
			sourceTree = "<group>";
		};
		ABDFA1F920BFF040004AC553 /* LaunchScreen.storyboard */ = {
			isa = PBXVariantGroup;
			children = (
				ABDFA1FA20BFF040004AC553 /* Base */,
			);
			name = LaunchScreen.storyboard;
			sourceTree = "<group>";
		};
/* End PBXVariantGroup section */

/* Begin XCBuildConfiguration section */
		ABDFA1FD20BFF040004AC553 /* Debug */ = {
			isa = XCBuildConfiguration;
			buildSettings = {
				ALWAYS_SEARCH_USER_PATHS = NO;
				CLANG_ANALYZER_NONNULL = YES;
				CLANG_ANALYZER_NUMBER_OBJECT_CONVERSION = YES_AGGRESSIVE;
				CLANG_CXX_LANGUAGE_STANDARD = "gnu++14";
				CLANG_CXX_LIBRARY = "libc++";
				CLANG_ENABLE_MODULES = YES;
				CLANG_ENABLE_OBJC_ARC = YES;
				CLANG_ENABLE_OBJC_WEAK = YES;
				CLANG_WARN_BLOCK_CAPTURE_AUTORELEASING = YES;
				CLANG_WARN_BOOL_CONVERSION = YES;
				CLANG_WARN_COMMA = YES;
				CLANG_WARN_CONSTANT_CONVERSION = YES;
				CLANG_WARN_DEPRECATED_OBJC_IMPLEMENTATIONS = YES;
				CLANG_WARN_DIRECT_OBJC_ISA_USAGE = YES_ERROR;
				CLANG_WARN_DOCUMENTATION_COMMENTS = YES;
				CLANG_WARN_EMPTY_BODY = YES;
				CLANG_WARN_ENUM_CONVERSION = YES;
				CLANG_WARN_INFINITE_RECURSION = YES;
				CLANG_WARN_INT_CONVERSION = YES;
				CLANG_WARN_NON_LITERAL_NULL_CONVERSION = YES;
				CLANG_WARN_OBJC_IMPLICIT_RETAIN_SELF = YES;
				CLANG_WARN_OBJC_LITERAL_CONVERSION = YES;
				CLANG_WARN_OBJC_ROOT_CLASS = YES_ERROR;
				CLANG_WARN_RANGE_LOOP_ANALYSIS = YES;
				CLANG_WARN_STRICT_PROTOTYPES = YES;
				CLANG_WARN_SUSPICIOUS_MOVE = YES;
				CLANG_WARN_UNGUARDED_AVAILABILITY = YES_AGGRESSIVE;
				CLANG_WARN_UNREACHABLE_CODE = YES;
				CLANG_WARN__DUPLICATE_METHOD_MATCH = YES;
				CODE_SIGN_IDENTITY = "iPhone Developer";
				COPY_PHASE_STRIP = NO;
				DEBUG_INFORMATION_FORMAT = dwarf;
				ENABLE_STRICT_OBJC_MSGSEND = YES;
				ENABLE_TESTABILITY = YES;
				GCC_C_LANGUAGE_STANDARD = gnu11;
				GCC_DYNAMIC_NO_PIC = NO;
				GCC_NO_COMMON_BLOCKS = YES;
				GCC_OPTIMIZATION_LEVEL = 0;
				GCC_PREPROCESSOR_DEFINITIONS = (
					"DEBUG=1",
					"$(inherited)",
				);
				GCC_WARN_64_TO_32_BIT_CONVERSION = YES;
				GCC_WARN_ABOUT_RETURN_TYPE = YES_ERROR;
				GCC_WARN_UNDECLARED_SELECTOR = YES;
				GCC_WARN_UNINITIALIZED_AUTOS = YES_AGGRESSIVE;
				GCC_WARN_UNUSED_FUNCTION = YES;
				GCC_WARN_UNUSED_VARIABLE = YES;
				IPHONEOS_DEPLOYMENT_TARGET = 11.3;
				MTL_ENABLE_DEBUG_INFO = YES;
				ONLY_ACTIVE_ARCH = YES;
				SDKROOT = iphoneos;
				SWIFT_ACTIVE_COMPILATION_CONDITIONS = DEBUG;
				SWIFT_OPTIMIZATION_LEVEL = "-Onone";
			};
			name = Debug;
		};
		ABDFA1FE20BFF040004AC553 /* Release */ = {
			isa = XCBuildConfiguration;
			buildSettings = {
				ALWAYS_SEARCH_USER_PATHS = NO;
				CLANG_ANALYZER_NONNULL = YES;
				CLANG_ANALYZER_NUMBER_OBJECT_CONVERSION = YES_AGGRESSIVE;
				CLANG_CXX_LANGUAGE_STANDARD = "gnu++14";
				CLANG_CXX_LIBRARY = "libc++";
				CLANG_ENABLE_MODULES = YES;
				CLANG_ENABLE_OBJC_ARC = YES;
				CLANG_ENABLE_OBJC_WEAK = YES;
				CLANG_WARN_BLOCK_CAPTURE_AUTORELEASING = YES;
				CLANG_WARN_BOOL_CONVERSION = YES;
				CLANG_WARN_COMMA = YES;
				CLANG_WARN_CONSTANT_CONVERSION = YES;
				CLANG_WARN_DEPRECATED_OBJC_IMPLEMENTATIONS = YES;
				CLANG_WARN_DIRECT_OBJC_ISA_USAGE = YES_ERROR;
				CLANG_WARN_DOCUMENTATION_COMMENTS = YES;
				CLANG_WARN_EMPTY_BODY = YES;
				CLANG_WARN_ENUM_CONVERSION = YES;
				CLANG_WARN_INFINITE_RECURSION = YES;
				CLANG_WARN_INT_CONVERSION = YES;
				CLANG_WARN_NON_LITERAL_NULL_CONVERSION = YES;
				CLANG_WARN_OBJC_IMPLICIT_RETAIN_SELF = YES;
				CLANG_WARN_OBJC_LITERAL_CONVERSION = YES;
				CLANG_WARN_OBJC_ROOT_CLASS = YES_ERROR;
				CLANG_WARN_RANGE_LOOP_ANALYSIS = YES;
				CLANG_WARN_STRICT_PROTOTYPES = YES;
				CLANG_WARN_SUSPICIOUS_MOVE = YES;
				CLANG_WARN_UNGUARDED_AVAILABILITY = YES_AGGRESSIVE;
				CLANG_WARN_UNREACHABLE_CODE = YES;
				CLANG_WARN__DUPLICATE_METHOD_MATCH = YES;
				CODE_SIGN_IDENTITY = "iPhone Developer";
				COPY_PHASE_STRIP = NO;
				DEBUG_INFORMATION_FORMAT = "dwarf-with-dsym";
				ENABLE_NS_ASSERTIONS = NO;
				ENABLE_STRICT_OBJC_MSGSEND = YES;
				GCC_C_LANGUAGE_STANDARD = gnu11;
				GCC_NO_COMMON_BLOCKS = YES;
				GCC_WARN_64_TO_32_BIT_CONVERSION = YES;
				GCC_WARN_ABOUT_RETURN_TYPE = YES_ERROR;
				GCC_WARN_UNDECLARED_SELECTOR = YES;
				GCC_WARN_UNINITIALIZED_AUTOS = YES_AGGRESSIVE;
				GCC_WARN_UNUSED_FUNCTION = YES;
				GCC_WARN_UNUSED_VARIABLE = YES;
				IPHONEOS_DEPLOYMENT_TARGET = 11.3;
				MTL_ENABLE_DEBUG_INFO = NO;
				SDKROOT = iphoneos;
				SWIFT_COMPILATION_MODE = wholemodule;
				SWIFT_OPTIMIZATION_LEVEL = "-O";
				VALIDATE_PRODUCT = YES;
			};
			name = Release;
		};
		ABDFA20020BFF040004AC553 /* Debug */ = {
			isa = XCBuildConfiguration;
			baseConfigurationReference = A4C689748C3EC5DF6909E8B2 /* Pods-SettingsScreen.debug.xcconfig */;
			buildSettings = {
				ASSETCATALOG_COMPILER_APPICON_NAME = AppIcon;
				CODE_SIGN_STYLE = Automatic;
				INFOPLIST_FILE = SettingsScreen/Info.plist;
				LD_RUNPATH_SEARCH_PATHS = (
					"$(inherited)",
					"@executable_path/Frameworks",
				);
				PRODUCT_BUNDLE_IDENTIFIER = vinsol.SettingsScreen;
				PRODUCT_NAME = "$(TARGET_NAME)";
				SWIFT_VERSION = 4.0;
				TARGETED_DEVICE_FAMILY = "1,2";
			};
			name = Debug;
		};
		ABDFA20120BFF040004AC553 /* Release */ = {
			isa = XCBuildConfiguration;
			baseConfigurationReference = F45261119727A9E3D5B221CA /* Pods-SettingsScreen.release.xcconfig */;
			buildSettings = {
				ASSETCATALOG_COMPILER_APPICON_NAME = AppIcon;
				CODE_SIGN_STYLE = Automatic;
				INFOPLIST_FILE = SettingsScreen/Info.plist;
				LD_RUNPATH_SEARCH_PATHS = (
					"$(inherited)",
					"@executable_path/Frameworks",
				);
				PRODUCT_BUNDLE_IDENTIFIER = vinsol.SettingsScreen;
				PRODUCT_NAME = "$(TARGET_NAME)";
				SWIFT_VERSION = 4.0;
				TARGETED_DEVICE_FAMILY = "1,2";
			};
			name = Release;
		};
/* End XCBuildConfiguration section */

/* Begin XCConfigurationList section */
		ABDFA1E820BFF03E004AC553 /* Build configuration list for PBXProject "SettingsScreen" */ = {
			isa = XCConfigurationList;
			buildConfigurations = (
				ABDFA1FD20BFF040004AC553 /* Debug */,
				ABDFA1FE20BFF040004AC553 /* Release */,
			);
			defaultConfigurationIsVisible = 0;
			defaultConfigurationName = Release;
		};
		ABDFA1FF20BFF040004AC553 /* Build configuration list for PBXNativeTarget "SettingsScreen" */ = {
			isa = XCConfigurationList;
			buildConfigurations = (
				ABDFA20020BFF040004AC553 /* Debug */,
				ABDFA20120BFF040004AC553 /* Release */,
			);
			defaultConfigurationIsVisible = 0;
			defaultConfigurationName = Release;
		};
/* End XCConfigurationList section */
	};
	rootObject = ABDFA1E520BFF03E004AC553 /* Project object */;
}
